
Microsoft Visual Studio Solution File, Format Version 12.00
# Visual Studio Version 17
VisualStudioVersion = 17.3.32819.101
MinimumVisualStudioVersion = 10.0.40219.1
Project("{FAE04EC0-301F-11D3-BF4B-00C04F79EFBC}") = "Laptop", "Laptop\Laptop.csproj", "{7358E587-201D-4B76-8D2A-C574757B7E27}"
EndProject
Global
	GlobalSection(SolutionConfigurationPlatforms) = preSolution
		Debug|Any CPU = Debug|Any CPU
		Release|Any CPU = Release|Any CPU
	EndGlobalSection
	GlobalSection(ProjectConfigurationPlatforms) = postSolution
		{7358E587-201D-4B76-8D2A-C574757B7E27}.Debug|Any CPU.ActiveCfg = Debug|Any CPU
		{7358E587-201D-4B76-8D2A-C574757B7E27}.Debug|Any CPU.Build.0 = Debug|Any CPU
		{7358E587-201D-4B76-8D2A-C574757B7E27}.Release|Any CPU.ActiveCfg = Release|Any CPU
		{7358E587-201D-4B76-8D2A-C574757B7E27}.Release|Any CPU.Build.0 = Release|Any CPU
	EndGlobalSection
	GlobalSection(SolutionProperties) = preSolution
		HideSolutionNode = FALSE
	EndGlobalSection
	GlobalSection(ExtensibilityGlobals) = postSolution
		SolutionGuid = {D0FC3055-BAC7-410F-91AB-07B829F2529E}
	EndGlobalSection
EndGlobal
